[[package]]
name = "appnope"
version = "0.1.2"
description = "Disable App Nap on macOS >= 10.9"
category = "dev"
optional = false
python-versions = "*"

[[package]]
name = "backcall"
version = "0.2.0"
description = "Specifications for callback functions passed in to an API"
category = "dev"
optional = false
python-versions = "*"

[[package]]
name = "colorama"
version = "0.4.4"
description = "Cross-platform colored terminal text."
category = "dev"
optional = false
python-versions = ">=2.7, !=3.0.*, !=3.1.*, !=3.2.*, !=3.3.*, !=3.4.*"

[[package]]
name = "decorator"
version = "5.0.9"
description = "Decorators for Humans"
category = "dev"
optional = false
python-versions = ">=3.5"

[[package]]
name = "fastcore"
version = "1.3.20"
description = "Python supercharged for fastai development"
category = "main"
optional = false
python-versions = ">=3.6"

[package.dependencies]
packaging = "*"

[package.extras]
dev = ["numpy", "nbdev (>=0.2.39)", "matplotlib", "pillow", "torch", "pandas"]

[[package]]
name = "ghapi"
version = "0.1.17"
description = "A python client for the GitHub API"
category = "main"
optional = false
python-versions = ">=3.6"

[package.dependencies]
fastcore = "*"
packaging = "*"

[package.extras]
dev = ["jsonref"]

[[package]]
name = "ipython"
version = "7.24.0"
description = "IPython: Productive Interactive Computing"
category = "dev"
optional = false
python-versions = ">=3.7"

[package.dependencies]
appnope = {version = "*", markers = "sys_platform == \"darwin\""}
backcall = "*"
colorama = {version = "*", markers = "sys_platform == \"win32\""}
decorator = "*"
jedi = ">=0.16"
matplotlib-inline = "*"
pexpect = {version = ">4.3", markers = "sys_platform != \"win32\""}
pickleshare = "*"
prompt-toolkit = ">=2.0.0,<3.0.0 || >3.0.0,<3.0.1 || >3.0.1,<3.1.0"
pygments = "*"
traitlets = ">=4.2"

[package.extras]
all = ["Sphinx (>=1.3)", "ipykernel", "ipyparallel", "ipywidgets", "nbconvert", "nbformat", "nose (>=0.10.1)", "notebook", "numpy (>=1.17)", "pygments", "qtconsole", "requests", "testpath"]
doc = ["Sphinx (>=1.3)"]
kernel = ["ipykernel"]
nbconvert = ["nbconvert"]
nbformat = ["nbformat"]
notebook = ["notebook", "ipywidgets"]
parallel = ["ipyparallel"]
qtconsole = ["qtconsole"]
test = ["nose (>=0.10.1)", "requests", "testpath", "pygments", "nbformat", "ipykernel", "numpy (>=1.17)"]

[[package]]
name = "ipython-genutils"
version = "0.2.0"
description = "Vestigial utilities from IPython"
category = "dev"
optional = false
python-versions = "*"

[[package]]
name = "jedi"
version = "0.18.0"
description = "An autocompletion tool for Python that can be used for text editors."
category = "dev"
optional = false
python-versions = ">=3.6"

[package.dependencies]
parso = ">=0.8.0,<0.9.0"

[package.extras]
qa = ["flake8 (==3.8.3)", "mypy (==0.782)"]
testing = ["Django (<3.1)", "colorama", "docopt", "pytest (<6.0.0)"]

[[package]]
name = "matplotlib-inline"
version = "0.1.2"
description = "Inline Matplotlib backend for Jupyter"
category = "dev"
optional = false
python-versions = ">=3.5"

[package.dependencies]
traitlets = "*"

[[package]]
name = "packaging"
version = "20.9"
description = "Core utilities for Python packages"
category = "main"
optional = false
python-versions = ">=2.7, !=3.0.*, !=3.1.*, !=3.2.*, !=3.3.*"

[package.dependencies]
pyparsing = ">=2.0.2"

[[package]]
name = "parso"
version = "0.8.2"
description = "A Python Parser"
category = "dev"
optional = false
python-versions = ">=3.6"

[package.extras]
qa = ["flake8 (==3.8.3)", "mypy (==0.782)"]
testing = ["docopt", "pytest (<6.0.0)"]

[[package]]
name = "pexpect"
version = "4.8.0"
description = "Pexpect allows easy control of interactive console applications."
category = "dev"
optional = false
python-versions = "*"

[package.dependencies]
ptyprocess = ">=0.5"

[[package]]
name = "pickleshare"
version = "0.7.5"
description = "Tiny 'shelve'-like database with concurrency support"
category = "dev"
optional = false
python-versions = "*"

[[package]]
name = "prompt-toolkit"
version = "3.0.18"
description = "Library for building powerful interactive command lines in Python"
category = "dev"
optional = false
python-versions = ">=3.6.1"

[package.dependencies]
wcwidth = "*"

[[package]]
name = "ptyprocess"
version = "0.7.0"
description = "Run a subprocess in a pseudo terminal"
category = "dev"
optional = false
python-versions = "*"

[[package]]
name = "pygments"
version = "2.9.0"
description = "Pygments is a syntax highlighting package written in Python."
category = "dev"
optional = false
python-versions = ">=3.5"

[[package]]
name = "pyparsing"
version = "2.4.7"
description = "Python parsing module"
category = "main"
optional = false
python-versions = ">=2.6, !=3.0.*, !=3.1.*, !=3.2.*"

[[package]]
name = "python-box"
version = "5.3.0"
description = "Advanced Python dictionaries with dot notation access"
category = "main"
optional = false
python-versions = ">=3.6"

[package.extras]
pyyaml = ["pyyaml"]
all = ["ruamel.yaml", "toml", "msgpack"]
msgpack = ["msgpack"]
"ruamel.yaml" = ["ruamel.yaml"]
toml = ["toml"]

[[package]]
name = "ruamel.yaml"
version = "0.17.10"
description = "ruamel.yaml is a YAML parser/emitter that supports roundtrip preservation of comments, seq/map flow style, and map key order"
category = "main"
optional = false
python-versions = ">=3"

[package.dependencies]
"ruamel.yaml.clib" = {version = ">=0.1.2", markers = "platform_python_implementation == \"CPython\" and python_version < \"3.10\""}

[package.extras]
docs = ["ryd"]
jinja2 = ["ruamel.yaml.jinja2 (>=0.2)"]

[[package]]
name = "ruamel.yaml.clib"
version = "0.2.2"
description = "C version of reader, parser and emitter for ruamel.yaml derived from libyaml"
category = "main"
optional = false
python-versions = "*"

[[package]]
name = "toml"
version = "0.10.2"
description = "Python Library for Tom's Obvious, Minimal Language"
category = "main"
optional = false
python-versions = ">=2.6, !=3.0.*, !=3.1.*, !=3.2.*"

[[package]]
name = "traitlets"
version = "5.0.5"
description = "Traitlets Python configuration system"
category = "dev"
optional = false
python-versions = ">=3.7"

[package.dependencies]
ipython-genutils = "*"

[package.extras]
test = ["pytest"]

[[package]]
name = "wcwidth"
version = "0.2.5"
description = "Measures the displayed width of unicode strings in a terminal"
category = "dev"
optional = false
python-versions = "*"

[metadata]
lock-version = "1.1"
python-versions = "^3.9"
content-hash = "1409bf22eba8c57fcf0850533721f37307e9676036de6e53ca71bcb72e83c218"

[metadata.files]
appnope = [
    {file = "appnope-0.1.2-py2.py3-none-any.whl", hash = "sha256:93aa393e9d6c54c5cd570ccadd8edad61ea0c4b9ea7a01409020c9aa019eb442"},
    {file = "appnope-0.1.2.tar.gz", hash = "sha256:dd83cd4b5b460958838f6eb3000c660b1f9caf2a5b1de4264e941512f603258a"},
]
backcall = [
    {file = "backcall-0.2.0-py2.py3-none-any.whl", hash = "sha256:fbbce6a29f263178a1f7915c1940bde0ec2b2a967566fe1c65c1dfb7422bd255"},
    {file = "backcall-0.2.0.tar.gz", hash = "sha256:5cbdbf27be5e7cfadb448baf0aa95508f91f2bbc6c6437cd9cd06e2a4c215e1e"},
]
colorama = [
    {file = "colorama-0.4.4-py2.py3-none-any.whl", hash = "sha256:9f47eda37229f68eee03b24b9748937c7dc3868f906e8ba69fbcbdd3bc5dc3e2"},
]
decorator = [
    {file = "decorator-5.0.9-py3-none-any.whl", hash = "sha256:6e5c199c16f7a9f0e3a61a4a54b3d27e7dad0dbdde92b944426cb20914376323"},
    {file = "decorator-5.0.9.tar.gz", hash = "sha256:72ecfba4320a893c53f9706bebb2d55c270c1e51a28789361aa93e4a21319ed5"},
]
fastcore = [
    {file = "fastcore-1.3.20-py3-none-any.whl", hash = "sha256:084ff680813f09cc85883b05bb616bdee09d214245840c6fb52fb16c71b1aced"},
    {file = "fastcore-1.3.20.tar.gz", hash = "sha256:cd45dcbfe5869cf174bc98eb931be609e8f8d55062bc3d68700a921136548a77"},
]
ghapi = [
    {file = "ghapi-0.1.17-py3-none-any.whl", hash = "sha256:b6db6590f64d64b92706fa884ffff3e36430217506e57490a2e121135de45f5b"},
    {file = "ghapi-0.1.17.tar.gz", hash = "sha256:915e2c8ac52b6ab208c97f748c1660d6eca537de8f2833ae442949dd2c511e65"},
]
ipython = [
    {file = "ipython-7.24.0-py3-none-any.whl", hash = "sha256:f86788eef439891438af3498525094cc2acbdbea4f2aa2f8895782d4ff471341"},
    {file = "ipython-7.24.0.tar.gz", hash = "sha256:a171caa3d3d4c819a1c0742e3abecfd5a2b8ab525ca1c9f114b40b76b0679ab1"},
]
ipython-genutils = [
    {file = "ipython_genutils-0.2.0-py2.py3-none-any.whl", hash = "sha256:72dd37233799e619666c9f639a9da83c34013a73e8bbc79a7a6348d93c61fab8"},
    {file = "ipython_genutils-0.2.0.tar.gz", hash = "sha256:eb2e116e75ecef9d4d228fdc66af54269afa26ab4463042e33785b887c628ba8"},
]
jedi = [
    {file = "jedi-0.18.0-py2.py3-none-any.whl", hash = "sha256:18456d83f65f400ab0c2d3319e48520420ef43b23a086fdc05dff34132f0fb93"},
    {file = "jedi-0.18.0.tar.gz", hash = "sha256:92550a404bad8afed881a137ec9a461fed49eca661414be45059329614ed0707"},
]
matplotlib-inline = [
    {file = "matplotlib-inline-0.1.2.tar.gz", hash = "sha256:f41d5ff73c9f5385775d5c0bc13b424535c8402fe70ea8210f93e11f3683993e"},
    {file = "matplotlib_inline-0.1.2-py3-none-any.whl", hash = "sha256:5cf1176f554abb4fa98cb362aa2b55c500147e4bdbb07e3fda359143e1da0811"},
]
packaging = [
    {file = "packaging-20.9-py2.py3-none-any.whl", hash = "sha256:67714da7f7bc052e064859c05c595155bd1ee9f69f76557e21f051443c20947a"},
    {file = "packaging-20.9.tar.gz", hash = "sha256:5b327ac1320dc863dca72f4514ecc086f31186744b84a230374cc1fd776feae5"},
]
parso = [
    {file = "parso-0.8.2-py2.py3-none-any.whl", hash = "sha256:a8c4922db71e4fdb90e0d0bc6e50f9b273d3397925e5e60a717e719201778d22"},
    {file = "parso-0.8.2.tar.gz", hash = "sha256:12b83492c6239ce32ff5eed6d3639d6a536170723c6f3f1506869f1ace413398"},
]
pexpect = [
    {file = "pexpect-4.8.0-py2.py3-none-any.whl", hash = "sha256:0b48a55dcb3c05f3329815901ea4fc1537514d6ba867a152b581d69ae3710937"},
    {file = "pexpect-4.8.0.tar.gz", hash = "sha256:fc65a43959d153d0114afe13997d439c22823a27cefceb5ff35c2178c6784c0c"},
]
pickleshare = [
    {file = "pickleshare-0.7.5-py2.py3-none-any.whl", hash = "sha256:9649af414d74d4df115d5d718f82acb59c9d418196b7b4290ed47a12ce62df56"},
    {file = "pickleshare-0.7.5.tar.gz", hash = "sha256:87683d47965c1da65cdacaf31c8441d12b8044cdec9aca500cd78fc2c683afca"},
]
prompt-toolkit = [
    {file = "prompt_toolkit-3.0.18-py3-none-any.whl", hash = "sha256:bf00f22079f5fadc949f42ae8ff7f05702826a97059ffcc6281036ad40ac6f04"},
    {file = "prompt_toolkit-3.0.18.tar.gz", hash = "sha256:e1b4f11b9336a28fa11810bc623c357420f69dfdb6d2dac41ca2c21a55c033bc"},
]
ptyprocess = [
    {file = "ptyprocess-0.7.0-py2.py3-none-any.whl", hash = "sha256:4b41f3967fce3af57cc7e94b888626c18bf37a083e3651ca8feeb66d492fef35"},
    {file = "ptyprocess-0.7.0.tar.gz", hash = "sha256:5c5d0a3b48ceee0b48485e0c26037c0acd7d29765ca3fbb5cb3831d347423220"},
]
pygments = [
    {file = "Pygments-2.9.0-py3-none-any.whl", hash = "sha256:d66e804411278594d764fc69ec36ec13d9ae9147193a1740cd34d272ca383b8e"},
    {file = "Pygments-2.9.0.tar.gz", hash = "sha256:a18f47b506a429f6f4b9df81bb02beab9ca21d0a5fee38ed15aef65f0545519f"},
]
pyparsing = [
    {file = "pyparsing-2.4.7-py2.py3-none-any.whl", hash = "sha256:ef9d7589ef3c200abe66653d3f1ab1033c3c419ae9b9bdb1240a85b024efc88b"},
    {file = "pyparsing-2.4.7.tar.gz", hash = "sha256:c203ec8783bf771a155b207279b9bccb8dea02d8f0c9e5f8ead507bc3246ecc1"},
]
python-box = [
    {file = "python-box-5.3.0.tar.gz", hash = "sha256:4ed4ef5d34de505a65c01e3f1911de8cdb29484fcae0c035141dce535c6c194a"},
    {file = "python_box-5.3.0-py3-none-any.whl", hash = "sha256:f2a531f9f5bbef078c175fad6abb31e9b59d40d121ea79993197e6bb221c6be6"},
]
"ruamel.yaml" = [
    {file = "ruamel.yaml-0.17.10-py3-none-any.whl", hash = "sha256:ffb9b703853e9e8b7861606dfdab1026cf02505bade0653d1880f4b2db47f815"},
    {file = "ruamel.yaml-0.17.10.tar.gz", hash = "sha256:106bc8d6dc6a0ff7c9196a47570432036f41d556b779c6b4e618085f57e39e67"},
]
"ruamel.yaml.clib" = [
    {file = "ruamel.yaml.clib-0.2.2-cp27-cp27m-macosx_10_9_x86_64.whl", hash = "sha256:28116f204103cb3a108dfd37668f20abe6e3cafd0d3fd40dba126c732457b3cc"},
    {file = "ruamel.yaml.clib-0.2.2-cp27-cp27m-manylinux1_x86_64.whl", hash = "sha256:daf21aa33ee9b351f66deed30a3d450ab55c14242cfdfcd377798e2c0d25c9f1"},
    {file = "ruamel.yaml.clib-0.2.2-cp27-cp27m-win32.whl", hash = "sha256:30dca9bbcbb1cc858717438218d11eafb78666759e5094dd767468c0d577a7e7"},
    {file = "ruamel.yaml.clib-0.2.2-cp27-cp27m-win_amd64.whl", hash = "sha256:f6061a31880c1ed6b6ce341215336e2f3d0c1deccd84957b6fa8ca474b41e89f"},
    {file = "ruamel.yaml.clib-0.2.2-cp27-cp27mu-manylinux1_x86_64.whl", hash = "sha256:73b3d43e04cc4b228fa6fa5d796409ece6fcb53a6c270eb2048109cbcbc3b9c2"},
    {file = "ruamel.yaml.clib-0.2.2-cp35-cp35m-macosx_10_6_intel.whl", hash = "sha256:53b9dd1abd70e257a6e32f934ebc482dac5edb8c93e23deb663eac724c30b026"},
    {file = "ruamel.yaml.clib-0.2.2-cp35-cp35m-manylinux1_x86_64.whl", hash = "sha256:839dd72545ef7ba78fd2aa1a5dd07b33696adf3e68fae7f31327161c1093001b"},
    {file = "ruamel.yaml.clib-0.2.2-cp35-cp35m-win32.whl", hash = "sha256:b1e981fe1aff1fd11627f531524826a4dcc1f26c726235a52fcb62ded27d150f"},
    {file = "ruamel.yaml.clib-0.2.2-cp35-cp35m-win_amd64.whl", hash = "sha256:4e52c96ca66de04be42ea2278012a2342d89f5e82b4512fb6fb7134e377e2e62"},
    {file = "ruamel.yaml.clib-0.2.2-cp36-cp36m-macosx_10_9_x86_64.whl", hash = "sha256:a873e4d4954f865dcb60bdc4914af7eaae48fb56b60ed6daa1d6251c72f5337c"},
    {file = "ruamel.yaml.clib-0.2.2-cp36-cp36m-manylinux1_x86_64.whl", hash = "sha256:ab845f1f51f7eb750a78937be9f79baea4a42c7960f5a94dde34e69f3cce1988"},
    {file = "ruamel.yaml.clib-0.2.2-cp36-cp36m-win32.whl", hash = "sha256:e9f7d1d8c26a6a12c23421061f9022bb62704e38211fe375c645485f38df34a2"},
    {file = "ruamel.yaml.clib-0.2.2-cp36-cp36m-win_amd64.whl", hash = "sha256:2602e91bd5c1b874d6f93d3086f9830f3e907c543c7672cf293a97c3fabdcd91"},
    {file = "ruamel.yaml.clib-0.2.2-cp37-cp37m-macosx_10_9_x86_64.whl", hash = "sha256:44c7b0498c39f27795224438f1a6be6c5352f82cb887bc33d962c3a3acc00df6"},
    {file = "ruamel.yaml.clib-0.2.2-cp37-cp37m-manylinux1_x86_64.whl", hash = "sha256:8e8fd0a22c9d92af3a34f91e8a2594eeb35cba90ab643c5e0e643567dc8be43e"},
    {file = "ruamel.yaml.clib-0.2.2-cp37-cp37m-win32.whl", hash = "sha256:464e66a04e740d754170be5e740657a3b3b6d2bcc567f0c3437879a6e6087ff6"},
    {file = "ruamel.yaml.clib-0.2.2-cp37-cp37m-win_amd64.whl", hash = "sha256:52ae5739e4b5d6317b52f5b040b1b6639e8af68a5b8fd606a8b08658fbd0cab5"},
    {file = "ruamel.yaml.clib-0.2.2-cp38-cp38-macosx_10_9_x86_64.whl", hash = "sha256:4df5019e7783d14b79217ad9c56edf1ba7485d614ad5a385d1b3c768635c81c0"},
    {file = "ruamel.yaml.clib-0.2.2-cp38-cp38-manylinux1_x86_64.whl", hash = "sha256:5254af7d8bdf4d5484c089f929cb7f5bafa59b4f01d4f48adda4be41e6d29f99"},
    {file = "ruamel.yaml.clib-0.2.2-cp38-cp38-win32.whl", hash = "sha256:74161d827407f4db9072011adcfb825b5258a5ccb3d2cd518dd6c9edea9e30f1"},
    {file = "ruamel.yaml.clib-0.2.2-cp38-cp38-win_amd64.whl", hash = "sha256:058a1cc3df2a8aecc12f983a48bda99315cebf55a3b3a5463e37bb599b05727b"},
    {file = "ruamel.yaml.clib-0.2.2.tar.gz", hash = "sha256:2d24bd98af676f4990c4d715bcdc2a60b19c56a3fb3a763164d2d8ca0e806ba7"},
]
toml = [
    {file = "toml-0.10.2-py2.py3-none-any.whl", hash = "sha256:806143ae5bfb6a3c6e736a764057db0e6a0e05e338b5630894a5f779cabb4f9b"},
    {file = "toml-0.10.2.tar.gz", hash = "sha256:b3bda1d108d5dd99f4a20d24d9c348e91c4db7ab1b749200bded2f839ccbe68f"},
]
traitlets = [
    {file = "traitlets-5.0.5-py3-none-any.whl", hash = "sha256:69ff3f9d5351f31a7ad80443c2674b7099df13cc41fc5fa6e2f6d3b0330b0426"},
    {file = "traitlets-5.0.5.tar.gz", hash = "sha256:178f4ce988f69189f7e523337a3e11d91c786ded9360174a3d9ca83e79bc5396"},
]
wcwidth = [
    {file = "wcwidth-0.2.5-py2.py3-none-any.whl", hash = "sha256:beb4802a9cebb9144e99086eff703a642a13d6a0052920003a230f3294bbe784"},
    {file = "wcwidth-0.2.5.tar.gz", hash = "sha256:c4d647b99872929fdb7bdcaa4fbe7f01413ed3d98077df798530e5b04f116c83"},
]
